
Microsoft Visual Studio Solution File, Format Version 12.00
# Visual Studio Version 16
VisualStudioVersion = 16.0.29905.134
MinimumVisualStudioVersion = 10.0.40219.1
Project("{FAE04EC0-301F-11D3-BF4B-00C04F79EFBC}") = "OS memory test0", "OS memory test0.csproj", "{997CC5EC-D4A0-410E-B500-DB1DED274ED2}"
EndProject
Global
	GlobalSection(SolutionConfigurationPlatforms) = preSolution
		Debug|Any CPU = Debug|Any CPU
		Release|Any CPU = Release|Any CPU
	EndGlobalSection
	GlobalSection(ProjectConfigurationPlatforms) = postSolution
		{997CC5EC-D4A0-410E-B500-DB1DED274ED2}.Debug|Any CPU.ActiveCfg = Debug|Any CPU
		{997CC5EC-D4A0-410E-B500-DB1DED274ED2}.Debug|Any CPU.Build.0 = Debug|Any CPU
		{997CC5EC-D4A0-410E-B500-DB1DED274ED2}.Release|Any CPU.ActiveCfg = Release|Any CPU
		{997CC5EC-D4A0-410E-B500-DB1DED274ED2}.Release|Any CPU.Build.0 = Release|Any CPU
	EndGlobalSection
	GlobalSection(SolutionProperties) = preSolution
		HideSolutionNode = FALSE
	EndGlobalSection
	GlobalSection(ExtensibilityGlobals) = postSolution
		SolutionGuid = {703366EE-04F2-4E7A-A20D-70CF89716192}
	EndGlobalSection
EndGlobal
